Microsoft Visual Studio Solution File, Format Version 12.00
# Visual Studio Version 17
VisualStudioVersion = 17.5.2.0
MinimumVisualStudioVersion = 10.0.40219.1
Project("{FAE04EC0-301F-11D3-BF4B-00C04F79EFBC}") = "Aula03RH", "Aula03RH.csproj", "{9EA71603-6498-D1AB-5A8E-16B410578E58}"
EndProject
Global
	GlobalSection(SolutionConfigurationPlatforms) = preSolution
		Debug|Any CPU = Debug|Any CPU
		Release|Any CPU = Release|Any CPU
	EndGlobalSection
	GlobalSection(ProjectConfigurationPlatforms) = postSolution
		{9EA71603-6498-D1AB-5A8E-16B410578E58}.Debug|Any CPU.ActiveCfg = Debug|Any CPU
		{9EA71603-6498-D1AB-5A8E-16B410578E58}.Debug|Any CPU.Build.0 = Debug|Any CPU
		{9EA71603-6498-D1AB-5A8E-16B410578E58}.Release|Any CPU.ActiveCfg = Release|Any CPU
		{9EA71603-6498-D1AB-5A8E-16B410578E58}.Release|Any CPU.Build.0 = Release|Any CPU
	EndGlobalSection
	GlobalSection(SolutionProperties) = preSolution
		HideSolutionNode = FALSE
	EndGlobalSection
	GlobalSection(ExtensibilityGlobals) = postSolution
		SolutionGuid = {32DABC33-9D5B-494D-BC66-671C6AFA354A}
	EndGlobalSection
EndGlobal
